{
    "_readme": [
        "This file locks the dependencies of your project to a known state",
        "Read more about it at https://getcomposer.org/doc/01-basic-usage.md#installing-dependencies",
        "This file is @generated automatically"
    ],
    "content-hash": "402225921ba4ec8433d192f9f23781a8",
    "packages": [
        {
            "name": "fgrosse/phpasn1",
            "version": "v2.5.0",
            "source": {
                "type": "git",
                "url": "https://github.com/fgrosse/PHPASN1.git",
                "reference": "42060ed45344789fb9f21f9f1864fc47b9e3507b"
            },
            "dist": {
                "type": "zip",
                "url": "https://api.github.com/repos/fgrosse/PHPASN1/zipball/42060ed45344789fb9f21f9f1864fc47b9e3507b",
                "reference": "42060ed45344789fb9f21f9f1864fc47b9e3507b",
                "shasum": "",
                "mirrors": [
                    {
                        "url": "https://mirrors.aliyun.com/composer/dists/%package%/%reference%.%type%",
                        "preferred": true
                    }
                ]
            },
            "require": {
                "php": "^7.1 || ^8.0"
            },
            "require-dev": {
                "php-coveralls/php-coveralls": "~2.0",
                "phpunit/phpunit": "^7.0 || ^8.0 || ^9.0"
            },
            "suggest": {
                "ext-bcmath": "BCmath is the fallback extension for big integer calculations",
                "ext-curl": "For loading OID information from the web if they have not bee defined statically",
                "ext-gmp": "GMP is the preferred extension for big integer calculations",
                "phpseclib/bcmath_compat": "BCmath polyfill for servers where neither GMP nor BCmath is available"
            },
            "type": "library",
            "extra": {
                "branch-alias": {
                    "dev-master": "2.0.x-dev"
                }
            },
            "autoload": {
                "psr-4": {
                    "FG\\": "lib/"
                }
            },
            "notification-url": "https://packagist.org/downloads/",
            "license": [
                "MIT"
            ],
            "authors": [
                {
                    "name": "Friedrich Große",
                    "email": "friedrich.grosse@gmail.com",
                    "homepage": "https://github.com/FGrosse",
                    "role": "Author"
                },
                {
                    "name": "All contributors",
                    "homepage": "https://github.com/FGrosse/PHPASN1/contributors"
                }
            ],
            "description": "A PHP Framework that allows you to encode and decode arbitrary ASN.1 structures using the ITU-T X.690 Encoding Rules.",
            "homepage": "https://github.com/FGrosse/PHPASN1",
            "keywords": [
                "DER",
                "asn.1",
                "asn1",
                "ber",
                "binary",
                "decoding",
                "encoding",
                "x.509",
                "x.690",
                "x509",
                "x690"
            ],
            "support": {
                "issues": "https://github.com/fgrosse/PHPASN1/issues",
                "source": "https://github.com/fgrosse/PHPASN1/tree/v2.5.0"
            },
            "abandoned": true,
            "time": "2022-12-19T11:08:26+00:00"
        },
        {
            "name": "lpilp/guomi",
            "version": "v1.0.6",
            "source": {
                "type": "git",
                "url": "https://github.com/lpilp/phpsm2sm3sm4.git",
                "reference": "ab43326e369ff1189db34c2984c5eadb5bf5f2f5"
            },
            "dist": {
                "type": "zip",
                "url": "https://api.github.com/repos/lpilp/phpsm2sm3sm4/zipball/ab43326e369ff1189db34c2984c5eadb5bf5f2f5",
                "reference": "ab43326e369ff1189db34c2984c5eadb5bf5f2f5",
                "shasum": "",
                "mirrors": [
                    {
                        "url": "https://mirrors.aliyun.com/composer/dists/%package%/%reference%.%type%",
                        "preferred": true
                    }
                ]
            },
            "require": {
                "mdanter/ecc": "^1.0",
                "php": ">=7.2"
            },
            "type": "library",
            "autoload": {
                "files": [
                    "src/overwrite.php"
                ],
                "psr-4": {
                    "Rtgm\\": "src"
                }
            },
            "notification-url": "https://packagist.org/downloads/",
            "license": [
                "MIT"
            ],
            "authors": [
                {
                    "name": "recent",
                    "email": "lpilp@126.com"
                }
            ],
            "description": "国密sm2",
            "support": {
                "issues": "https://github.com/lpilp/phpsm2sm3sm4/issues",
                "source": "https://github.com/lpilp/phpsm2sm3sm4/tree/v1.0.6"
            },
            "time": "2022-11-04T02:44:36+00:00"
        },
        {
            "name": "mdanter/ecc",
            "version": "v1.0.0",
            "source": {
                "type": "git",
                "url": "https://github.com/phpecc/phpecc.git",
                "reference": "34e2eec096bf3dcda814e8f66dd91ae87a2db7cd"
            },
            "dist": {
                "type": "zip",
                "url": "https://api.github.com/repos/phpecc/phpecc/zipball/34e2eec096bf3dcda814e8f66dd91ae87a2db7cd",
                "reference": "34e2eec096bf3dcda814e8f66dd91ae87a2db7cd",
                "shasum": "",
                "mirrors": [
                    {
                        "url": "https://mirrors.aliyun.com/composer/dists/%package%/%reference%.%type%",
                        "preferred": true
                    }
                ]
            },
            "require": {
                "ext-gmp": "*",
                "fgrosse/phpasn1": "^2.0",
                "php": "^7.0||^8.0"
            },
            "require-dev": {
                "phpunit/phpunit": "^6.0||^8.0||^9.0",
                "squizlabs/php_codesniffer": "^2.0",
                "symfony/yaml": "^2.6|^3.0"
            },
            "type": "library",
            "autoload": {
                "psr-4": {
                    "Mdanter\\Ecc\\": "src/"
                }
            },
            "notification-url": "https://packagist.org/downloads/",
            "license": [
                "MIT"
            ],
            "authors": [
                {
                    "name": "Matyas Danter",
                    "homepage": "http://matejdanter.com/",
                    "role": "Author"
                },
                {
                    "name": "Thibaud Fabre",
                    "email": "thibaud@aztech.io",
                    "homepage": "http://aztech.io",
                    "role": "Maintainer"
                },
                {
                    "name": "Thomas Kerin",
                    "email": "afk11@users.noreply.github.com",
                    "role": "Maintainer"
                }
            ],
            "description": "PHP Elliptic Curve Cryptography library",
            "homepage": "https://github.com/phpecc/phpecc",
            "keywords": [
                "Diffie",
                "ECDSA",
                "Hellman",
                "curve",
                "ecdh",
                "elliptic",
                "nistp192",
                "nistp224",
                "nistp256",
                "nistp384",
                "nistp521",
                "phpecc",
                "secp256k1",
                "secp256r1"
            ],
            "support": {
                "issues": "https://github.com/phpecc/phpecc/issues",
                "source": "https://github.com/phpecc/phpecc/tree/v1.0.0"
            },
            "time": "2021-01-16T19:42:14+00:00"
        },
        {
            "name": "pear/http_request2",
            "version": "v2.5.0",
            "source": {
                "type": "git",
                "url": "https://github.com/pear/HTTP_Request2.git",
                "reference": "8c52c1343a709110b4080118bd99f53dcd2b052f"
            },
            "dist": {
                "type": "zip",
                "url": "https://api.github.com/repos/pear/HTTP_Request2/zipball/8c52c1343a709110b4080118bd99f53dcd2b052f",
                "reference": "8c52c1343a709110b4080118bd99f53dcd2b052f",
                "shasum": "",
                "mirrors": [
                    {
                        "url": "https://mirrors.aliyun.com/composer/dists/%package%/%reference%.%type%",
                        "preferred": true
                    }
                ]
            },
            "require": {
                "pear/net_url2": "^2.2.0",
                "pear/pear_exception": "^1.0.0",
                "php": ">=5.6.0"
            },
            "require-dev": {
                "yoast/phpunit-polyfills": "^1.0.0"
            },
            "suggest": {
                "ext-curl": "Allows using cURL as a request backend.",
                "ext-fileinfo": "Adds support for looking up mime-types using finfo.",
                "ext-openssl": "Allows handling SSL requests when not using cURL.",
                "ext-zlib": "Allows handling gzip compressed responses."
            },
            "type": "library",
            "autoload": {
                "psr-0": {
                    "HTTP_Request2": ""
                }
            },
            "notification-url": "https://packagist.org/downloads/",
            "license": [
                "BSD-3-Clause"
            ],
            "authors": [
                {
                    "name": "Alexey Borzov",
                    "email": "avb@php.net"
                }
            ],
            "description": "Provides an easy way to perform HTTP requests.",
            "homepage": "https://pear.php.net/package/HTTP_Request2",
            "keywords": [
                "PEAR",
                "curl",
                "http",
                "request"
            ],
            "support": {
                "docs": "https://pear.php.net/manual/en/package.http.http-request2.php",
                "issues": "https://github.com/pear/HTTP_Request2/issues",
                "source": "https://github.com/pear/HTTP_Request2"
            },
            "time": "2021-07-12T14:10:17+00:00"
        },
        {
            "name": "pear/net_url2",
            "version": "v2.2.2",
            "source": {
                "type": "git",
                "url": "https://github.com/pear/Net_URL2.git",
                "reference": "07fd055820dbf466ee3990abe96d0e40a8791f9d"
            },
            "dist": {
                "type": "zip",
                "url": "https://api.github.com/repos/pear/Net_URL2/zipball/07fd055820dbf466ee3990abe96d0e40a8791f9d",
                "reference": "07fd055820dbf466ee3990abe96d0e40a8791f9d",
                "shasum": "",
                "mirrors": [
                    {
                        "url": "https://mirrors.aliyun.com/composer/dists/%package%/%reference%.%type%",
                        "preferred": true
                    }
                ]
            },
            "require": {
                "php": ">=5.1.4"
            },
            "require-dev": {
                "phpunit/phpunit": ">=3.3.0"
            },
            "type": "library",
            "extra": {
                "branch-alias": {
                    "dev-master": "2.2.x-dev"
                }
            },
            "autoload": {
                "classmap": [
                    "Net/URL2.php"
                ]
            },
            "notification-url": "https://packagist.org/downloads/",
            "include-path": [
                "./"
            ],
            "license": [
                "BSD-3-Clause"
            ],
            "authors": [
                {
                    "name": "David Coallier",
                    "email": "davidc@php.net"
                },
                {
                    "name": "Tom Klingenberg",
                    "email": "tkli@php.net"
                },
                {
                    "name": "Christian Schmidt",
                    "email": "chmidt@php.net"
                }
            ],
            "description": "Class for parsing and handling URL. Provides parsing of URLs into their constituent parts (scheme, host, path etc.), URL generation, and resolving of relative URLs.",
            "homepage": "https://github.com/pear/Net_URL2",
            "keywords": [
                "PEAR",
                "net",
                "networking",
                "rfc3986",
                "uri",
                "url"
            ],
            "support": {
                "issues": "https://pear.php.net/bugs/search.php?cmd=display&package_name[]=Net_URL2",
                "source": "https://github.com/pear/Net_URL2"
            },
            "time": "2017-08-25T06:16:11+00:00"
        },
        {
            "name": "pear/pear_exception",
            "version": "v1.0.2",
            "source": {
                "type": "git",
                "url": "https://github.com/pear/PEAR_Exception.git",
                "reference": "b14fbe2ddb0b9f94f5b24cf08783d599f776fff0"
            },
            "dist": {
                "type": "zip",
                "url": "https://api.github.com/repos/pear/PEAR_Exception/zipball/b14fbe2ddb0b9f94f5b24cf08783d599f776fff0",
                "reference": "b14fbe2ddb0b9f94f5b24cf08783d599f776fff0",
                "shasum": "",
                "mirrors": [
                    {
                        "url": "https://mirrors.aliyun.com/composer/dists/%package%/%reference%.%type%",
                        "preferred": true
                    }
                ]
            },
            "require": {
                "php": ">=5.2.0"
            },
            "require-dev": {
                "phpunit/phpunit": "<9"
            },
            "type": "class",
            "extra": {
                "branch-alias": {
                    "dev-master": "1.0.x-dev"
                }
            },
            "autoload": {
                "classmap": [
                    "PEAR/"
                ]
            },
            "notification-url": "https://packagist.org/downloads/",
            "include-path": [
                "."
            ],
            "license": [
                "BSD-2-Clause"
            ],
            "authors": [
                {
                    "name": "Helgi Thormar",
                    "email": "dufuz@php.net"
                },
                {
                    "name": "Greg Beaver",
                    "email": "cellog@php.net"
                }
            ],
            "description": "The PEAR Exception base class.",
            "homepage": "https://github.com/pear/PEAR_Exception",
            "keywords": [
                "exception"
            ],
            "support": {
                "issues": "http://pear.php.net/bugs/search.php?cmd=display&package_name[]=PEAR_Exception",
                "source": "https://github.com/pear/PEAR_Exception"
            },
            "time": "2021-03-21T15:43:46+00:00"
        }
    ],
    "packages-dev": [],
    "aliases": [],
    "minimum-stability": "stable",
    "stability-flags": [],
    "prefer-stable": false,
    "prefer-lowest": false,
    "platform": {
        "php": ">=7.2",
        "ext-json": "*"
    },
    "platform-dev": [],
    "plugin-api-version": "2.0.0"
}
